
Microsoft Visual Studio Solution File, Format Version 12.00
Project("{FAE04EC0-301F-11D3-BF4B-00C04F79EFBC}") = "StaticTest", "StaticTest\StaticTest.csproj", "{99203AAC-7C18-4174-A30F-2D9CA664088D}"
EndProject
Global
	GlobalSection(SolutionConfigurationPlatforms) = preSolution
		Debug|Any CPU = Debug|Any CPU
		Release|Any CPU = Release|Any CPU
	EndGlobalSection
	GlobalSection(ProjectConfigurationPlatforms) = postSolution
		{99203AAC-7C18-4174-A30F-2D9CA664088D}.Debug|Any CPU.ActiveCfg = Debug|Any CPU
		{99203AAC-7C18-4174-A30F-2D9CA664088D}.Debug|Any CPU.Build.0 = Debug|Any CPU
		{99203AAC-7C18-4174-A30F-2D9CA664088D}.Release|Any CPU.ActiveCfg = Release|Any CPU
		{99203AAC-7C18-4174-A30F-2D9CA664088D}.Release|Any CPU.Build.0 = Release|Any CPU
	EndGlobalSection
EndGlobal
